
Microsoft Visual Studio Solution File, Format Version 11.00
# Visual Studio 2010
Project("{8BC9CEB8-8B4A-11D0-8D11-00A0C91BC942}") = "OnePageDungeon", "OnePageDungeon\OnePageDungeon.vcxproj", "{3CBF1DE0-86BA-44CF-8567-45DEC130FFB7}"
EndProject
Global
	GlobalSection(SolutionConfigurationPlatforms) = preSolution
		Debug|Win32 = Debug|Win32
		Release|Win32 = Release|Win32
	EndGlobalSection
	GlobalSection(ProjectConfigurationPlatforms) = postSolution
		{3CBF1DE0-86BA-44CF-8567-45DEC130FFB7}.Debug|Win32.ActiveCfg = Debug|Win32
		{3CBF1DE0-86BA-44CF-8567-45DEC130FFB7}.Debug|Win32.Build.0 = Debug|Win32
		{3CBF1DE0-86BA-44CF-8567-45DEC130FFB7}.Release|Win32.ActiveCfg = Release|Win32
		{3CBF1DE0-86BA-44CF-8567-45DEC130FFB7}.Release|Win32.Build.0 = Release|Win32
	EndGlobalSection
	GlobalSection(SolutionProperties) = preSolution
		HideSolutionNode = FALSE
	EndGlobalSection
EndGlobal
